{
  "name": "stencil-todo",
  "version": "0.0.1",
  "lockfileVersion": 2,
  "requires": true,
  "packages": {
    "": {
      "name": "stencil-todo",
      "version": "0.0.1",
      "license": "MIT",
      "devDependencies": {
        "@stencil/core": "^2.15.0",
        "@stencil/store": "^1.5.0"
      }
    },
    "node_modules/@stencil/core": {
      "version": "2.15.1",
      "dev": true,
      "license": "MIT",
      "bin": {
        "stencil": "bin/stencil"
      },
      "engines": {
        "node": ">=12.10.0",
        "npm": ">=6.0.0"
      }
    },
    "node_modules/@stencil/store": {
      "version": "1.5.0",
      "dev": true,
      "license": "MIT",
      "peerDependencies": {
        "@stencil/core": ">=1.9.0"
      }
    }
  },
  "dependencies": {
    "@stencil/core": {
      "version": "2.15.1",
      "dev": true
    },
    "@stencil/store": {
      "version": "1.5.0",
      "dev": true,
      "requires": {}
    }
  }
}
